
Microsoft Visual Studio Solution File, Format Version 12.00
# Visual Studio Version 17
VisualStudioVersion = 17.10.35122.118
MinimumVisualStudioVersion = 10.0.40219.1
Project("{FAE04EC0-301F-11D3-BF4B-00C04F79EFBC}") = "LISTA2.8", "LISTA2.8\LISTA2.8.csproj", "{D7261C8E-9649-4408-8880-E9C39DACC018}"
EndProject
Global
	GlobalSection(SolutionConfigurationPlatforms) = preSolution
		Debug|Any CPU = Debug|Any CPU
		Release|Any CPU = Release|Any CPU
	EndGlobalSection
	GlobalSection(ProjectConfigurationPlatforms) = postSolution
		{D7261C8E-9649-4408-8880-E9C39DACC018}.Debug|Any CPU.ActiveCfg = Debug|Any CPU
		{D7261C8E-9649-4408-8880-E9C39DACC018}.Debug|Any CPU.Build.0 = Debug|Any CPU
		{D7261C8E-9649-4408-8880-E9C39DACC018}.Release|Any CPU.ActiveCfg = Release|Any CPU
		{D7261C8E-9649-4408-8880-E9C39DACC018}.Release|Any CPU.Build.0 = Release|Any CPU
	EndGlobalSection
	GlobalSection(SolutionProperties) = preSolution
		HideSolutionNode = FALSE
	EndGlobalSection
	GlobalSection(ExtensibilityGlobals) = postSolution
		SolutionGuid = {445D00CF-613A-4D69-AB73-6BF5DF1EE114}
	EndGlobalSection
EndGlobal
