
Microsoft Visual Studio Solution File, Format Version 12.00
# Visual Studio Version 17
VisualStudioVersion = 17.3.32825.248
MinimumVisualStudioVersion = 10.0.40219.1
Project("{FAE04EC0-301F-11D3-BF4B-00C04F79EFBC}") = "LISTA2EX4", "LISTA2EX4\LISTA2EX4.csproj", "{B484FC0F-9CDC-44B5-A90E-E6151AEBE23B}"
EndProject
Global
	GlobalSection(SolutionConfigurationPlatforms) = preSolution
		Debug|Any CPU = Debug|Any CPU
		Release|Any CPU = Release|Any CPU
	EndGlobalSection
	GlobalSection(ProjectConfigurationPlatforms) = postSolution
		{B484FC0F-9CDC-44B5-A90E-E6151AEBE23B}.Debug|Any CPU.ActiveCfg = Debug|Any CPU
		{B484FC0F-9CDC-44B5-A90E-E6151AEBE23B}.Debug|Any CPU.Build.0 = Debug|Any CPU
		{B484FC0F-9CDC-44B5-A90E-E6151AEBE23B}.Release|Any CPU.ActiveCfg = Release|Any CPU
		{B484FC0F-9CDC-44B5-A90E-E6151AEBE23B}.Release|Any CPU.Build.0 = Release|Any CPU
	EndGlobalSection
	GlobalSection(SolutionProperties) = preSolution
		HideSolutionNode = FALSE
	EndGlobalSection
	GlobalSection(ExtensibilityGlobals) = postSolution
		SolutionGuid = {370A9D24-3D6D-4B0C-96B2-CD2BD7FFFA94}
	EndGlobalSection
EndGlobal
